// !$*UTF8*$!
{
	archiveVersion = 1;
	classes = {
	};
	objectVersion = 46;
	objects = {

/* Begin PBXBuildFile section */
		7E0726AC1561482C0092282B /* AppBladePlugin.m in Sources */ = {isa = PBXBuildFile; fileRef = 7E0726AB1561482C0092282B /* AppBladePlugin.m */; };
		7E0726B0156154760092282B /* Security.framework in Frameworks */ = {isa = PBXBuildFile; fileRef = 7E0726AF156154760092282B /* Security.framework */; };
		7E690D8D1562937E009391BD /* libAppBladeUniversal.a in Frameworks */ = {isa = PBXBuildFile; fileRef = 7E690D8C1562937E009391BD /* libAppBladeUniversal.a */; };
		7EDCBBFA155AC85B00D906D8 /* Foundation.framework in Frameworks */ = {isa = PBXBuildFile; fileRef = 7EDCBBF9155AC85B00D906D8 /* Foundation.framework */; };
		7EDCBBFC155AC85B00D906D8 /* UIKit.framework in Frameworks */ = {isa = PBXBuildFile; fileRef = 7EDCBBFB155AC85B00D906D8 /* UIKit.framework */; };
		7EDCBBFE155AC85B00D906D8 /* CoreGraphics.framework in Frameworks */ = {isa = PBXBuildFile; fileRef = 7EDCBBFD155AC85B00D906D8 /* CoreGraphics.framework */; };
		7EDCBC00155AC85B00D906D8 /* AddressBook.framework in Frameworks */ = {isa = PBXBuildFile; fileRef = 7EDCBBFF155AC85B00D906D8 /* AddressBook.framework */; };
		7EDCBC02155AC85B00D906D8 /* AddressBookUI.framework in Frameworks */ = {isa = PBXBuildFile; fileRef = 7EDCBC01155AC85B00D906D8 /* AddressBookUI.framework */; };
		7EDCBC04155AC85B00D906D8 /* AudioToolbox.framework in Frameworks */ = {isa = PBXBuildFile; fileRef = 7EDCBC03155AC85B00D906D8 /* AudioToolbox.framework */; };
		7EDCBC06155AC85B00D906D8 /* AVFoundation.framework in Frameworks */ = {isa = PBXBuildFile; fileRef = 7EDCBC05155AC85B00D906D8 /* AVFoundation.framework */; };
		7EDCBC08155AC85B00D906D8 /* CoreLocation.framework in Frameworks */ = {isa = PBXBuildFile; fileRef = 7EDCBC07155AC85B00D906D8 /* CoreLocation.framework */; };
		7EDCBC0A155AC85B00D906D8 /* MediaPlayer.framework in Frameworks */ = {isa = PBXBuildFile; fileRef = 7EDCBC09155AC85B00D906D8 /* MediaPlayer.framework */; };
		7EDCBC0C155AC85B00D906D8 /* QuartzCore.framework in Frameworks */ = {isa = PBXBuildFile; fileRef = 7EDCBC0B155AC85B00D906D8 /* QuartzCore.framework */; };
		7EDCBC0E155AC85B00D906D8 /* SystemConfiguration.framework in Frameworks */ = {isa = PBXBuildFile; fileRef = 7EDCBC0D155AC85B00D906D8 /* SystemConfiguration.framework */; };
		7EDCBC10155AC85B00D906D8 /* MobileCoreServices.framework in Frameworks */ = {isa = PBXBuildFile; fileRef = 7EDCBC0F155AC85B00D906D8 /* MobileCoreServices.framework */; };
		7EDCBC12155AC85B00D906D8 /* CoreMedia.framework in Frameworks */ = {isa = PBXBuildFile; fileRef = 7EDCBC11155AC85B00D906D8 /* CoreMedia.framework */; };
		7EDCBC18155AC85B00D906D8 /* InfoPlist.strings in Resources */ = {isa = PBXBuildFile; fileRef = 7EDCBC16155AC85B00D906D8 /* InfoPlist.strings */; };
		7EDCBC1A155AC85B00D906D8 /* main.m in Sources */ = {isa = PBXBuildFile; fileRef = 7EDCBC19155AC85B00D906D8 /* main.m */; };
		7EDCBC1D155AC85B00D906D8 /* Cordova.framework in Frameworks */ = {isa = PBXBuildFile; fileRef = 7EDCBC1C155AC85B00D906D8 /* Cordova.framework */; };
		7EDCBC22155AC85B00D906D8 /* Localizable.strings in Resources */ = {isa = PBXBuildFile; fileRef = 7EDCBC20155AC85B00D906D8 /* Localizable.strings */; };
		7EDCBC26155AC85B00D906D8 /* Localizable.strings in Resources */ = {isa = PBXBuildFile; fileRef = 7EDCBC24155AC85B00D906D8 /* Localizable.strings */; };
		7EDCBC2A155AC85B00D906D8 /* Localizable.strings in Resources */ = {isa = PBXBuildFile; fileRef = 7EDCBC28155AC85B00D906D8 /* Localizable.strings */; };
		7EDCBC2E155AC85B00D906D8 /* Localizable.strings in Resources */ = {isa = PBXBuildFile; fileRef = 7EDCBC2C155AC85B00D906D8 /* Localizable.strings */; };
		7EDCBC31155AC85B00D906D8 /* icon.png in Resources */ = {isa = PBXBuildFile; fileRef = 7EDCBC30155AC85B00D906D8 /* icon.png */; };
		7EDCBC33155AC85B00D906D8 /* icon@2x.png in Resources */ = {isa = PBXBuildFile; fileRef = 7EDCBC32155AC85B00D906D8 /* icon@2x.png */; };
		7EDCBC35155AC85B00D906D8 /* icon-72.png in Resources */ = {isa = PBXBuildFile; fileRef = 7EDCBC34155AC85B00D906D8 /* icon-72.png */; };
		7EDCBC38155AC85B00D906D8 /* Default~iphone.png in Resources */ = {isa = PBXBuildFile; fileRef = 7EDCBC37155AC85B00D906D8 /* Default~iphone.png */; };
		7EDCBC3A155AC85B00D906D8 /* Default@2x~iphone.png in Resources */ = {isa = PBXBuildFile; fileRef = 7EDCBC39155AC85B00D906D8 /* Default@2x~iphone.png */; };
		7EDCBC3C155AC85B00D906D8 /* Capture.bundle in Resources */ = {isa = PBXBuildFile; fileRef = 7EDCBC3B155AC85B00D906D8 /* Capture.bundle */; };
		7EDCBC3E155AC85B00D906D8 /* Cordova.plist in Resources */ = {isa = PBXBuildFile; fileRef = 7EDCBC3D155AC85B00D906D8 /* Cordova.plist */; };
		7EDCBC42155AC85B00D906D8 /* AppDelegate.m in Sources */ = {isa = PBXBuildFile; fileRef = 7EDCBC41155AC85B00D906D8 /* AppDelegate.m */; };
		7EDCBC45155AC85B00D906D8 /* MainViewController.m in Sources */ = {isa = PBXBuildFile; fileRef = 7EDCBC44155AC85B00D906D8 /* MainViewController.m */; };
		7EDCBC47155AC85B00D906D8 /* MainViewController.xib in Resources */ = {isa = PBXBuildFile; fileRef = 7EDCBC46155AC85B00D906D8 /* MainViewController.xib */; };
		7EDCBC4B155AC85B00D906D8 /* verify.sh in Resources */ = {isa = PBXBuildFile; fileRef = 7EDCBC4A155AC85B00D906D8 /* verify.sh */; };
		7EDCBC52155AC89600D906D8 /* www in Resources */ = {isa = PBXBuildFile; fileRef = 7EDCBC51155AC89600D906D8 /* www */; };
/* End PBXBuildFile section */

/* Begin PBXFileReference section */
		7E0726AA1561482C0092282B /* AppBladePlugin.h */ = {isa = PBXFileReference; fileEncoding = 4; lastKnownFileType = sourcecode.c.h; name = AppBladePlugin.h; path = Plugins/AppBladePlugin.h; sourceTree = "<group>"; };
		7E0726AB1561482C0092282B /* AppBladePlugin.m */ = {isa = PBXFileReference; fileEncoding = 4; lastKnownFileType = sourcecode.c.objc; name = AppBladePlugin.m; path = Plugins/AppBladePlugin.m; sourceTree = "<group>"; };
		7E0726AF156154760092282B /* Security.framework */ = {isa = PBXFileReference; lastKnownFileType = wrapper.framework; name = Security.framework; path = System/Library/Frameworks/Security.framework; sourceTree = SDKROOT; };
		7E690D8B1562937E009391BD /* AppBlade.h */ = {isa = PBXFileReference; fileEncoding = 4; lastKnownFileType = sourcecode.c.h; path = AppBlade.h; sourceTree = "<group>"; };
		7E690D8C1562937E009391BD /* libAppBladeUniversal.a */ = {isa = PBXFileReference; lastKnownFileType = archive.ar; name = libAppBladeUniversal.a; path = HelloWorld/libAppBladeUniversal.a; sourceTree = "<group>"; };
		7EDCBBF5155AC85B00D906D8 /* HelloWorld.app */ = {isa = PBXFileReference; explicitFileType = wrapper.application; includeInIndex = 0; path = HelloWorld.app; sourceTree = BUILT_PRODUCTS_DIR; };
		7EDCBBF9155AC85B00D906D8 /* Foundation.framework */ = {isa = PBXFileReference; lastKnownFileType = wrapper.framework; name = Foundation.framework; path = System/Library/Frameworks/Foundation.framework; sourceTree = SDKROOT; };
		7EDCBBFB155AC85B00D906D8 /* UIKit.framework */ = {isa = PBXFileReference; lastKnownFileType = wrapper.framework; name = UIKit.framework; path = System/Library/Frameworks/UIKit.framework; sourceTree = SDKROOT; };
		7EDCBBFD155AC85B00D906D8 /* CoreGraphics.framework */ = {isa = PBXFileReference; lastKnownFileType = wrapper.framework; name = CoreGraphics.framework; path = System/Library/Frameworks/CoreGraphics.framework; sourceTree = SDKROOT; };
		7EDCBBFF155AC85B00D906D8 /* AddressBook.framework */ = {isa = PBXFileReference; lastKnownFileType = wrapper.framework; name = AddressBook.framework; path = System/Library/Frameworks/AddressBook.framework; sourceTree = SDKROOT; };
		7EDCBC01155AC85B00D906D8 /* AddressBookUI.framework */ = {isa = PBXFileReference; lastKnownFileType = wrapper.framework; name = AddressBookUI.framework; path = System/Library/Frameworks/AddressBookUI.framework; sourceTree = SDKROOT; };
		7EDCBC03155AC85B00D906D8 /* AudioToolbox.framework */ = {isa = PBXFileReference; lastKnownFileType = wrapper.framework; name = AudioToolbox.framework; path = System/Library/Frameworks/AudioToolbox.framework; sourceTree = SDKROOT; };
		7EDCBC05155AC85B00D906D8 /* AVFoundation.framework */ = {isa = PBXFileReference; lastKnownFileType = wrapper.framework; name = AVFoundation.framework; path = System/Library/Frameworks/AVFoundation.framework; sourceTree = SDKROOT; };
		7EDCBC07155AC85B00D906D8 /* CoreLocation.framework */ = {isa = PBXFileReference; lastKnownFileType = wrapper.framework; name = CoreLocation.framework; path = System/Library/Frameworks/CoreLocation.framework; sourceTree = SDKROOT; };
		7EDCBC09155AC85B00D906D8 /* MediaPlayer.framework */ = {isa = PBXFileReference; lastKnownFileType = wrapper.framework; name = MediaPlayer.framework; path = System/Library/Frameworks/MediaPlayer.framework; sourceTree = SDKROOT; };
		7EDCBC0B155AC85B00D906D8 /* QuartzCore.framework */ = {isa = PBXFileReference; lastKnownFileType = wrapper.framework; name = QuartzCore.framework; path = System/Library/Frameworks/QuartzCore.framework; sourceTree = SDKROOT; };
		7EDCBC0D155AC85B00D906D8 /* SystemConfiguration.framework */ = {isa = PBXFileReference; lastKnownFileType = wrapper.framework; name = SystemConfiguration.framework; path = System/Library/Frameworks/SystemConfiguration.framework; sourceTree = SDKROOT; };
		7EDCBC0F155AC85B00D906D8 /* MobileCoreServices.framework */ = {isa = PBXFileReference; lastKnownFileType = wrapper.framework; name = MobileCoreServices.framework; path = System/Library/Frameworks/MobileCoreServices.framework; sourceTree = SDKROOT; };
		7EDCBC11155AC85B00D906D8 /* CoreMedia.framework */ = {isa = PBXFileReference; lastKnownFileType = wrapper.framework; name = CoreMedia.framework; path = System/Library/Frameworks/CoreMedia.framework; sourceTree = SDKROOT; };
		7EDCBC15155AC85B00D906D8 /* HelloWorld-Info.plist */ = {isa = PBXFileReference; lastKnownFileType = text.plist.xml; path = "HelloWorld-Info.plist"; sourceTree = "<group>"; };
		7EDCBC17155AC85B00D906D8 /* en */ = {isa = PBXFileReference; lastKnownFileType = text.plist.strings; name = en; path = en.lproj/InfoPlist.strings; sourceTree = "<group>"; };
		7EDCBC19155AC85B00D906D8 /* main.m */ = {isa = PBXFileReference; lastKnownFileType = sourcecode.c.objc; path = main.m; sourceTree = "<group>"; };
		7EDCBC1B155AC85B00D906D8 /* HelloWorld-Prefix.pch */ = {isa = PBXFileReference; lastKnownFileType = sourcecode.c.h; path = "HelloWorld-Prefix.pch"; sourceTree = "<group>"; };
		7EDCBC1C155AC85B00D906D8 /* Cordova.framework */ = {isa = PBXFileReference; lastKnownFileType = wrapper.framework; name = Cordova.framework; path = /Users/Shared/Cordova/Frameworks/Cordova.framework; sourceTree = "<absolute>"; };
		7EDCBC21155AC85B00D906D8 /* en */ = {isa = PBXFileReference; lastKnownFileType = text.plist.strings; name = en; path = Resources/en.lproj/Localizable.strings; sourceTree = "<group>"; };
		7EDCBC25155AC85B00D906D8 /* es */ = {isa = PBXFileReference; lastKnownFileType = text.plist.strings; name = es; path = Resources/es.lproj/Localizable.strings; sourceTree = "<group>"; };
		7EDCBC29155AC85B00D906D8 /* de */ = {isa = PBXFileReference; lastKnownFileType = text.plist.strings; name = de; path = Resources/de.lproj/Localizable.strings; sourceTree = "<group>"; };
		7EDCBC2D155AC85B00D906D8 /* se */ = {isa = PBXFileReference; lastKnownFileType = text.plist.strings; name = se; path = Resources/se.lproj/Localizable.strings; sourceTree = "<group>"; };
		7EDCBC30155AC85B00D906D8 /* icon.png */ = {isa = PBXFileReference; lastKnownFileType = image.png; name = icon.png; path = Resources/icons/icon.png; sourceTree = "<group>"; };
		7EDCBC32155AC85B00D906D8 /* icon@2x.png */ = {isa = PBXFileReference; lastKnownFileType = image.png; name = "icon@2x.png"; path = "Resources/icons/icon@2x.png"; sourceTree = "<group>"; };
		7EDCBC34155AC85B00D906D8 /* icon-72.png */ = {isa = PBXFileReference; lastKnownFileType = image.png; name = "icon-72.png"; path = "Resources/icons/icon-72.png"; sourceTree = "<group>"; };
		7EDCBC37155AC85B00D906D8 /* Default~iphone.png */ = {isa = PBXFileReference; lastKnownFileType = image.png; name = "Default~iphone.png"; path = "Resources/splash/Default~iphone.png"; sourceTree = "<group>"; };
		7EDCBC39155AC85B00D906D8 /* Default@2x~iphone.png */ = {isa = PBXFileReference; lastKnownFileType = image.png; name = "Default@2x~iphone.png"; path = "Resources/splash/Default@2x~iphone.png"; sourceTree = "<group>"; };
		7EDCBC3B155AC85B00D906D8 /* Capture.bundle */ = {isa = PBXFileReference; lastKnownFileType = "wrapper.plug-in"; name = Capture.bundle; path = Resources/Capture.bundle; sourceTree = "<group>"; };
		7EDCBC3D155AC85B00D906D8 /* Cordova.plist */ = {isa = PBXFileReference; lastKnownFileType = text.plist.xml; path = Cordova.plist; sourceTree = "<group>"; };
		7EDCBC40155AC85B00D906D8 /* AppDelegate.h */ = {isa = PBXFileReference; lastKnownFileType = sourcecode.c.h; name = AppDelegate.h; path = Classes/AppDelegate.h; sourceTree = "<group>"; };
		7EDCBC41155AC85B00D906D8 /* AppDelegate.m */ = {isa = PBXFileReference; lastKnownFileType = sourcecode.c.objc; name = AppDelegate.m; path = Classes/AppDelegate.m; sourceTree = "<group>"; };
		7EDCBC43155AC85B00D906D8 /* MainViewController.h */ = {isa = PBXFileReference; lastKnownFileType = sourcecode.c.h; name = MainViewController.h; path = Classes/MainViewController.h; sourceTree = "<group>"; };
		7EDCBC44155AC85B00D906D8 /* MainViewController.m */ = {isa = PBXFileReference; lastKnownFileType = sourcecode.c.objc; name = MainViewController.m; path = Classes/MainViewController.m; sourceTree = "<group>"; };
		7EDCBC46155AC85B00D906D8 /* MainViewController.xib */ = {isa = PBXFileReference; lastKnownFileType = file.xib; name = MainViewController.xib; path = Classes/MainViewController.xib; sourceTree = "<group>"; };
		7EDCBC49155AC85B00D906D8 /* README */ = {isa = PBXFileReference; lastKnownFileType = text; name = README; path = Plugins/README; sourceTree = "<group>"; };
		7EDCBC4A155AC85B00D906D8 /* verify.sh */ = {isa = PBXFileReference; lastKnownFileType = text.script.sh; path = verify.sh; sourceTree = "<group>"; };
		7EDCBC51155AC89600D906D8 /* www */ = {isa = PBXFileReference; lastKnownFileType = folder; path = www; sourceTree = "<group>"; };
/* End PBXFileReference section */

/* Begin PBXFrameworksBuildPhase section */
		7EDCBBEF155AC85B00D906D8 /* Frameworks */ = {
			isa = PBXFrameworksBuildPhase;
			buildActionMask = 2147483647;
			files = (
				7EDCBBFA155AC85B00D906D8 /* Foundation.framework in Frameworks */,
				7EDCBBFC155AC85B00D906D8 /* UIKit.framework in Frameworks */,
				7EDCBBFE155AC85B00D906D8 /* CoreGraphics.framework in Frameworks */,
				7E0726B0156154760092282B /* Security.framework in Frameworks */,
				7EDCBC00155AC85B00D906D8 /* AddressBook.framework in Frameworks */,
				7EDCBC02155AC85B00D906D8 /* AddressBookUI.framework in Frameworks */,
				7EDCBC04155AC85B00D906D8 /* AudioToolbox.framework in Frameworks */,
				7EDCBC06155AC85B00D906D8 /* AVFoundation.framework in Frameworks */,
				7EDCBC08155AC85B00D906D8 /* CoreLocation.framework in Frameworks */,
				7EDCBC0A155AC85B00D906D8 /* MediaPlayer.framework in Frameworks */,
				7EDCBC0C155AC85B00D906D8 /* QuartzCore.framework in Frameworks */,
				7EDCBC0E155AC85B00D906D8 /* SystemConfiguration.framework in Frameworks */,
				7EDCBC10155AC85B00D906D8 /* MobileCoreServices.framework in Frameworks */,
				7EDCBC12155AC85B00D906D8 /* CoreMedia.framework in Frameworks */,
				7EDCBC1D155AC85B00D906D8 /* Cordova.framework in Frameworks */,
				7E690D8D1562937E009391BD /* libAppBladeUniversal.a in Frameworks */,
			);
			runOnlyForDeploymentPostprocessing = 0;
		};
		7EDCBBF2155AC85B00D906D8 /* Frameworks */ = {
			isa = PBXFrameworksBuildPhase;
			buildActionMask = 2147483647;
			files = (
			);
			runOnlyForDeploymentPostprocessing = 0;
		};
/* End PBXFrameworksBuildPhase section */

/* Begin PBXGroup section */
		7EDCBBE7155AC85B00D906D8 = {
			isa = PBXGroup;
			children = (
				7EDCBC51155AC89600D906D8 /* www */,
				7EDCBC13155AC85B00D906D8 /* HelloWorld */,
				7EDCBBF8155AC85B00D906D8 /* Frameworks */,
				7EDCBBF6155AC85B00D906D8 /* Products */,
			);
			sourceTree = "<group>";
		};
		7EDCBBF6155AC85B00D906D8 /* Products */ = {
			isa = PBXGroup;
			children = (
				7EDCBBF5155AC85B00D906D8 /* HelloWorld.app */,
			);
			name = Products;
			sourceTree = "<group>";
		};
		7EDCBBF8155AC85B00D906D8 /* Frameworks */ = {
			isa = PBXGroup;
			children = (
				7E690D8C1562937E009391BD /* libAppBladeUniversal.a */,
				7E0726AF156154760092282B /* Security.framework */,
				7EDCBBF9155AC85B00D906D8 /* Foundation.framework */,
				7EDCBBFB155AC85B00D906D8 /* UIKit.framework */,
				7EDCBBFD155AC85B00D906D8 /* CoreGraphics.framework */,
				7EDCBBFF155AC85B00D906D8 /* AddressBook.framework */,
				7EDCBC01155AC85B00D906D8 /* AddressBookUI.framework */,
				7EDCBC03155AC85B00D906D8 /* AudioToolbox.framework */,
				7EDCBC05155AC85B00D906D8 /* AVFoundation.framework */,
				7EDCBC07155AC85B00D906D8 /* CoreLocation.framework */,
				7EDCBC09155AC85B00D906D8 /* MediaPlayer.framework */,
				7EDCBC0B155AC85B00D906D8 /* QuartzCore.framework */,
				7EDCBC0D155AC85B00D906D8 /* SystemConfiguration.framework */,
				7EDCBC0F155AC85B00D906D8 /* MobileCoreServices.framework */,
				7EDCBC11155AC85B00D906D8 /* CoreMedia.framework */,
			);
			name = Frameworks;
			sourceTree = "<group>";
		};
		7EDCBC13155AC85B00D906D8 /* HelloWorld */ = {
			isa = PBXGroup;
			children = (
				7EDCBC1C155AC85B00D906D8 /* Cordova.framework */,
				7EDCBC1E155AC85B00D906D8 /* Resources */,
				7EDCBC3F155AC85B00D906D8 /* Classes */,
				7EDCBC48155AC85B00D906D8 /* Plugins */,
				7EDCBC14155AC85B00D906D8 /* Supporting Files */,
			);
			path = HelloWorld;
			sourceTree = "<group>";
		};
		7EDCBC14155AC85B00D906D8 /* Supporting Files */ = {
			isa = PBXGroup;
			children = (
				7EDCBC15155AC85B00D906D8 /* HelloWorld-Info.plist */,
				7EDCBC16155AC85B00D906D8 /* InfoPlist.strings */,
				7EDCBC19155AC85B00D906D8 /* main.m */,
				7EDCBC1B155AC85B00D906D8 /* HelloWorld-Prefix.pch */,
				7EDCBC3D155AC85B00D906D8 /* Cordova.plist */,
				7EDCBC46155AC85B00D906D8 /* MainViewController.xib */,
				7EDCBC4A155AC85B00D906D8 /* verify.sh */,
			);
			name = "Supporting Files";
			sourceTree = "<group>";
		};
		7EDCBC1E155AC85B00D906D8 /* Resources */ = {
			isa = PBXGroup;
			children = (
				7EDCBC3B155AC85B00D906D8 /* Capture.bundle */,
				7EDCBC1F155AC85B00D906D8 /* en.lproj */,
				7EDCBC23155AC85B00D906D8 /* es.lproj */,
				7EDCBC27155AC85B00D906D8 /* de.lproj */,
				7EDCBC2B155AC85B00D906D8 /* se.lproj */,
				7EDCBC2F155AC85B00D906D8 /* icons */,
				7EDCBC36155AC85B00D906D8 /* splash */,
			);
			name = Resources;
			sourceTree = "<group>";
		};
		7EDCBC1F155AC85B00D906D8 /* en.lproj */ = {
			isa = PBXGroup;
			children = (
				7EDCBC20155AC85B00D906D8 /* Localizable.strings */,
			);
			name = en.lproj;
			sourceTree = "<group>";
		};
		7EDCBC23155AC85B00D906D8 /* es.lproj */ = {
			isa = PBXGroup;
			children = (
				7EDCBC24155AC85B00D906D8 /* Localizable.strings */,
			);
			name = es.lproj;
			sourceTree = "<group>";
		};
		7EDCBC27155AC85B00D906D8 /* de.lproj */ = {
			isa = PBXGroup;
			children = (
				7EDCBC28155AC85B00D906D8 /* Localizable.strings */,
			);
			name = de.lproj;
			sourceTree = "<group>";
		};
		7EDCBC2B155AC85B00D906D8 /* se.lproj */ = {
			isa = PBXGroup;
			children = (
				7EDCBC2C155AC85B00D906D8 /* Localizable.strings */,
			);
			name = se.lproj;
			sourceTree = "<group>";
		};
		7EDCBC2F155AC85B00D906D8 /* icons */ = {
			isa = PBXGroup;
			children = (
				7EDCBC30155AC85B00D906D8 /* icon.png */,
				7EDCBC32155AC85B00D906D8 /* icon@2x.png */,
				7EDCBC34155AC85B00D906D8 /* icon-72.png */,
			);
			name = icons;
			sourceTree = "<group>";
		};
		7EDCBC36155AC85B00D906D8 /* splash */ = {
			isa = PBXGroup;
			children = (
				7EDCBC37155AC85B00D906D8 /* Default~iphone.png */,
				7EDCBC39155AC85B00D906D8 /* Default@2x~iphone.png */,
			);
			name = splash;
			sourceTree = "<group>";
		};
		7EDCBC3F155AC85B00D906D8 /* Classes */ = {
			isa = PBXGroup;
			children = (
				7EDCBC40155AC85B00D906D8 /* AppDelegate.h */,
				7EDCBC41155AC85B00D906D8 /* AppDelegate.m */,
				7EDCBC43155AC85B00D906D8 /* MainViewController.h */,
				7EDCBC44155AC85B00D906D8 /* MainViewController.m */,
			);
			name = Classes;
			sourceTree = "<group>";
		};
		7EDCBC48155AC85B00D906D8 /* Plugins */ = {
			isa = PBXGroup;
			children = (
				7E690D8B1562937E009391BD /* AppBlade.h */,
				7E0726AA1561482C0092282B /* AppBladePlugin.h */,
				7E0726AB1561482C0092282B /* AppBladePlugin.m */,
				7EDCBC49155AC85B00D906D8 /* README */,
			);
			name = Plugins;
			sourceTree = "<group>";
		};
/* End PBXGroup section */

/* Begin PBXNativeTarget section */
		7EDCBBF4155AC85B00D906D8 /* HelloWorld */ = {
			isa = PBXNativeTarget;
			buildConfigurationList = 7EDCBC4E155AC85B00D906D8 /* Build configuration list for PBXNativeTarget "HelloWorld" */;
			buildPhases = (
				7EDCBBEE155AC85B00D906D8 /* Sources */,
				7EDCBBEF155AC85B00D906D8 /* Frameworks */,
				7EDCBBF0155AC85B00D906D8 /* Resources */,
				7EDCBBF1155AC85B00D906D8 /* Sources */,
				7EDCBBF2155AC85B00D906D8 /* Frameworks */,
				7EDCBBF3155AC85B00D906D8 /* ShellScript */,
			);
			buildRules = (
			);
			dependencies = (
			);
			name = HelloWorld;
			productName = HelloWorld;
			productReference = 7EDCBBF5155AC85B00D906D8 /* HelloWorld.app */;
			productType = "com.apple.product-type.application";
		};
/* End PBXNativeTarget section */

/* Begin PBXProject section */
		7EDCBBE9155AC85B00D906D8 /* Project object */ = {
			isa = PBXProject;
			attributes = {
				LastUpgradeCheck = 0430;
				ORGANIZATIONNAME = AppBlade;
			};
			buildConfigurationList = 7EDCBBEC155AC85B00D906D8 /* Build configuration list for PBXProject "HelloWorld" */;
			compatibilityVersion = "Xcode 3.2";
			developmentRegion = English;
			hasScannedForEncodings = 0;
			knownRegions = (
				en,
				es,
				de,
				se,
			);
			mainGroup = 7EDCBBE7155AC85B00D906D8;
			productRefGroup = 7EDCBBF6155AC85B00D906D8 /* Products */;
			projectDirPath = "";
			projectRoot = "";
			targets = (
				7EDCBBF4155AC85B00D906D8 /* HelloWorld */,
			);
		};
/* End PBXProject section */

/* Begin PBXResourcesBuildPhase section */
		7EDCBBF0155AC85B00D906D8 /* Resources */ = {
			isa = PBXResourcesBuildPhase;
			buildActionMask = 2147483647;
			files = (
				7EDCBC18155AC85B00D906D8 /* InfoPlist.strings in Resources */,
				7EDCBC22155AC85B00D906D8 /* Localizable.strings in Resources */,
				7EDCBC26155AC85B00D906D8 /* Localizable.strings in Resources */,
				7EDCBC2A155AC85B00D906D8 /* Localizable.strings in Resources */,
				7EDCBC2E155AC85B00D906D8 /* Localizable.strings in Resources */,
				7EDCBC31155AC85B00D906D8 /* icon.png in Resources */,
				7EDCBC33155AC85B00D906D8 /* icon@2x.png in Resources */,
				7EDCBC35155AC85B00D906D8 /* icon-72.png in Resources */,
				7EDCBC38155AC85B00D906D8 /* Default~iphone.png in Resources */,
				7EDCBC3A155AC85B00D906D8 /* Default@2x~iphone.png in Resources */,
				7EDCBC3C155AC85B00D906D8 /* Capture.bundle in Resources */,
				7EDCBC3E155AC85B00D906D8 /* Cordova.plist in Resources */,
				7EDCBC47155AC85B00D906D8 /* MainViewController.xib in Resources */,
				7EDCBC4B155AC85B00D906D8 /* verify.sh in Resources */,
				7EDCBC52155AC89600D906D8 /* www in Resources */,
			);
			runOnlyForDeploymentPostprocessing = 0;
		};
/* End PBXResourcesBuildPhase section */

/* Begin PBXShellScriptBuildPhase section */
		7EDCBBF3155AC85B00D906D8 /* ShellScript */ = {
			isa = PBXShellScriptBuildPhase;
			buildActionMask = 2147483647;
			files = (
			);
			inputPaths = (
			);
			outputPaths = (
			);
			runOnlyForDeploymentPostprocessing = 0;
			shellPath = /bin/bash;
			shellScript = "\n\t\t\t\t\t\t\t\tchmod 755 \"$PROJECT_DIR/$PROJECT_NAME/verify.sh\"\n\t\t\t\t\t\t\t\t\"$PROJECT_DIR/$PROJECT_NAME/verify.sh\"\n\t\t\t\t\t";
		};
/* End PBXShellScriptBuildPhase section */

/* Begin PBXSourcesBuildPhase section */
		7EDCBBEE155AC85B00D906D8 /* Sources */ = {
			isa = PBXSourcesBuildPhase;
			buildActionMask = 2147483647;
			files = (
				7EDCBC1A155AC85B00D906D8 /* main.m in Sources */,
				7EDCBC42155AC85B00D906D8 /* AppDelegate.m in Sources */,
				7EDCBC45155AC85B00D906D8 /* MainViewController.m in Sources */,
				7E0726AC1561482C0092282B /* AppBladePlugin.m in Sources */,
			);
			runOnlyForDeploymentPostprocessing = 0;
		};
		7EDCBBF1155AC85B00D906D8 /* Sources */ = {
			isa = PBXSourcesBuildPhase;
			buildActionMask = 2147483647;
			files = (
			);
			runOnlyForDeploymentPostprocessing = 0;
		};
/* End PBXSourcesBuildPhase section */

/* Begin PBXVariantGroup section */
		7EDCBC16155AC85B00D906D8 /* InfoPlist.strings */ = {
			isa = PBXVariantGroup;
			children = (
				7EDCBC17155AC85B00D906D8 /* en */,
			);
			name = InfoPlist.strings;
			sourceTree = "<group>";
		};
		7EDCBC20155AC85B00D906D8 /* Localizable.strings */ = {
			isa = PBXVariantGroup;
			children = (
				7EDCBC21155AC85B00D906D8 /* en */,
			);
			name = Localizable.strings;
			sourceTree = "<group>";
		};
		7EDCBC24155AC85B00D906D8 /* Localizable.strings */ = {
			isa = PBXVariantGroup;
			children = (
				7EDCBC25155AC85B00D906D8 /* es */,
			);
			name = Localizable.strings;
			sourceTree = "<group>";
		};
		7EDCBC28155AC85B00D906D8 /* Localizable.strings */ = {
			isa = PBXVariantGroup;
			children = (
				7EDCBC29155AC85B00D906D8 /* de */,
			);
			name = Localizable.strings;
			sourceTree = "<group>";
		};
		7EDCBC2C155AC85B00D906D8 /* Localizable.strings */ = {
			isa = PBXVariantGroup;
			children = (
				7EDCBC2D155AC85B00D906D8 /* se */,
			);
			name = Localizable.strings;
			sourceTree = "<group>";
		};
/* End PBXVariantGroup section */

/* Begin XCBuildConfiguration section */
		7EDCBC4C155AC85B00D906D8 /* Debug */ = {
			isa = XCBuildConfiguration;
			buildSettings = {
				ALWAYS_SEARCH_USER_PATHS = NO;
				ARCHS = (
					armv6,
					"$(ARCHS_STANDARD_32_BIT)",
				);
				CODE_SIGN_IDENTITY = "iPhone Developer: Michele Titolo (JMRJV2LB48)";
				"CODE_SIGN_IDENTITY[sdk=iphoneos*]" = "iPhone Developer: Michele Titolo (JMRJV2LB48)";
				COPY_PHASE_STRIP = NO;
				GCC_C_LANGUAGE_STANDARD = gnu99;
				GCC_DYNAMIC_NO_PIC = NO;
				GCC_OPTIMIZATION_LEVEL = 0;
				GCC_PREPROCESSOR_DEFINITIONS = (
					"DEBUG=1",
					"$(inherited)",
				);
				GCC_SYMBOLS_PRIVATE_EXTERN = NO;
				GCC_VERSION = com.apple.compilers.llvm.clang.1_0;
				GCC_WARN_ABOUT_RETURN_TYPE = YES;
				GCC_WARN_UNINITIALIZED_AUTOS = YES;
				GCC_WARN_UNUSED_VARIABLE = YES;
				IPHONEOS_DEPLOYMENT_TARGET = 3.0;
				PROVISIONING_PROFILE = "8390FB0A-6849-4AE0-BD4D-79A9A3C82CCB";
				"PROVISIONING_PROFILE[sdk=iphoneos*]" = "8390FB0A-6849-4AE0-BD4D-79A9A3C82CCB";
				SDKROOT = iphoneos;
			};
			name = Debug;
		};
		7EDCBC4D155AC85B00D906D8 /* Release */ = {
			isa = XCBuildConfiguration;
			buildSettings = {
				ALWAYS_SEARCH_USER_PATHS = NO;
				ARCHS = (
					armv6,
					"$(ARCHS_STANDARD_32_BIT)",
				);
				CODE_SIGN_IDENTITY = "iPhone Distribution: Raizlabs Corporation";
				"CODE_SIGN_IDENTITY[sdk=iphoneos*]" = "iPhone Distribution";
				COPY_PHASE_STRIP = YES;
				GCC_C_LANGUAGE_STANDARD = gnu99;
				GCC_VERSION = com.apple.compilers.llvm.clang.1_0;
				GCC_WARN_ABOUT_RETURN_TYPE = YES;
				GCC_WARN_UNINITIALIZED_AUTOS = YES;
				GCC_WARN_UNUSED_VARIABLE = YES;
				IPHONEOS_DEPLOYMENT_TARGET = 3.0;
				PROVISIONING_PROFILE = "F9AB93B3-A447-49E8-AB37-DBFEF5C5A952";
				"PROVISIONING_PROFILE[sdk=iphoneos*]" = "";
				SDKROOT = iphoneos;
				VALIDATE_PRODUCT = YES;
			};
			name = Release;
		};
		7EDCBC4F155AC85B00D906D8 /* Debug */ = {
			isa = XCBuildConfiguration;
			buildSettings = {
				ALWAYS_SEARCH_USER_PATHS = YES;
				COPY_PHASE_STRIP = NO;
				FRAMEWORK_SEARCH_PATHS = /Users/Shared/Cordova/Frameworks;
				GCC_DYNAMIC_NO_PIC = NO;
				GCC_PRECOMPILE_PREFIX_HEADER = YES;
				GCC_PREFIX_HEADER = "HelloWorld/HelloWorld-Prefix.pch";
				GCC_PREPROCESSOR_DEFINITIONS = (
					"DEBUG=1,",
					"CORDOVA_FRAMEWORK=1",
				);
				HEADER_SEARCH_PATHS = /Users/Shared/Cordova/Frameworks;
				INFOPLIST_FILE = "HelloWorld/HelloWorld-Info.plist";
				LIBRARY_SEARCH_PATHS = (
					"$(inherited)",
					"\"$(SRCROOT)\"",
					"\"$(SRCROOT)/HelloWorld\"",
				);
				OTHER_LDFLAGS = (
					"-weak_framework",
					UIKit,
					"-weak_framework",
					AVFoundation,
					"-weak_framework",
					CoreMedia,
					"-weak_library",
					/usr/lib/libSystem.B.dylib,
					"-all_load",
				);
				PRODUCT_NAME = "$(TARGET_NAME)";
				TARGETED_DEVICE_FAMILY = "1,2";
				USER_HEADER_SEARCH_PATHS = /Users/Shared/Cordova/Frameworks;
				WRAPPER_EXTENSION = app;
			};
			name = Debug;
		};
		7EDCBC50155AC85B00D906D8 /* Release */ = {
			isa = XCBuildConfiguration;
			buildSettings = {
				ALWAYS_SEARCH_USER_PATHS = YES;
				COPY_PHASE_STRIP = YES;
				DEBUG_INFORMATION_FORMAT = "dwarf-with-dsym";
				FRAMEWORK_SEARCH_PATHS = /Users/Shared/Cordova/Frameworks;
				GCC_PRECOMPILE_PREFIX_HEADER = YES;
				GCC_PREFIX_HEADER = "HelloWorld/HelloWorld-Prefix.pch";
				GCC_PREPROCESSOR_DEFINITIONS = (
					"NDEBUG=1,",
					"CORDOVA_FRAMEWORK=1",
				);
				HEADER_SEARCH_PATHS = /Users/Shared/Cordova/Frameworks;
				INFOPLIST_FILE = "HelloWorld/HelloWorld-Info.plist";
				LIBRARY_SEARCH_PATHS = (
					"$(inherited)",
					"\"$(SRCROOT)\"",
					"\"$(SRCROOT)/HelloWorld\"",
				);
				OTHER_LDFLAGS = (
					"-weak_framework",
					UIKit,
					"-weak_framework",
					AVFoundation,
					"-weak_framework",
					CoreMedia,
					"-weak_library",
					/usr/lib/libSystem.B.dylib,
					"-all_load",
				);
				PRODUCT_NAME = "$(TARGET_NAME)";
				TARGETED_DEVICE_FAMILY = "1,2";
				USER_HEADER_SEARCH_PATHS = /Users/Shared/Cordova/Frameworks;
				VALIDATE_PRODUCT = YES;
				WRAPPER_EXTENSION = app;
			};
			name = Release;
		};
/* End XCBuildConfiguration section */

/* Begin XCConfigurationList section */
		7EDCBBEC155AC85B00D906D8 /* Build configuration list for PBXProject "HelloWorld" */ = {
			isa = XCConfigurationList;
			buildConfigurations = (
				7EDCBC4C155AC85B00D906D8 /* Debug */,
				7EDCBC4D155AC85B00D906D8 /* Release */,
			);
			defaultConfigurationIsVisible = 0;
			defaultConfigurationName = Release;
		};
		7EDCBC4E155AC85B00D906D8 /* Build configuration list for PBXNativeTarget "HelloWorld" */ = {
			isa = XCConfigurationList;
			buildConfigurations = (
				7EDCBC4F155AC85B00D906D8 /* Debug */,
				7EDCBC50155AC85B00D906D8 /* Release */,
			);
			defaultConfigurationIsVisible = 0;
			defaultConfigurationName = Release;
		};
/* End XCConfigurationList section */
	};
	rootObject = 7EDCBBE9155AC85B00D906D8 /* Project object */;
}
